// !$*UTF8*$!
{
	archiveVersion = 1;
	classes = {
	};
	objectVersion = 46;
	objects = {

/* Begin PBXBuildFile section */
		235A5C4017B2029D44D49D17 /* Pods_Fast.framework in Frameworks */ = {isa = PBXBuildFile; fileRef = 4CBB5076C75B2D5C5D1B9BAF /* Pods_Fast.framework */; };
		97434DA1DA5FD670CBAAD88B /* Pods_FastTests.framework in Frameworks */ = {isa = PBXBuildFile; fileRef = 74463A75CF46D19E583FFAC5 /* Pods_FastTests.framework */; };
		A41B7A8EDB67D21B9FCFC91A /* Pods_FastUITests.framework in Frameworks */ = {isa = PBXBuildFile; fileRef = E0B56AFC533CB12203A06644 /* Pods_FastUITests.framework */; };
		AC281AC61E5406DB00C9A517 /* GameKit.framework in Frameworks */ = {isa = PBXBuildFile; fileRef = AC281AC51E5406DB00C9A517 /* GameKit.framework */; };
		AC281AC81E5406DD00C9A517 /* StoreKit.framework in Frameworks */ = {isa = PBXBuildFile; fileRef = AC281AC71E5406DD00C9A517 /* StoreKit.framework */; };
		AC3164001E49B44600F2D1CD /* AppDelegate.swift in Sources */ = {isa = PBXBuildFile; fileRef = AC3163FF1E49B44600F2D1CD /* AppDelegate.swift */; };
		AC3164021E49B44700F2D1CD /* ViewController.swift in Sources */ = {isa = PBXBuildFile; fileRef = AC3164011E49B44700F2D1CD /* ViewController.swift */; };
		AC3164051E49B44700F2D1CD /* Main.storyboard in Resources */ = {isa = PBXBuildFile; fileRef = AC3164031E49B44700F2D1CD /* Main.storyboard */; };
		AC3164071E49B44700F2D1CD /* Assets.xcassets in Resources */ = {isa = PBXBuildFile; fileRef = AC3164061E49B44700F2D1CD /* Assets.xcassets */; };
		AC31640A1E49B44700F2D1CD /* LaunchScreen.storyboard in Resources */ = {isa = PBXBuildFile; fileRef = AC3164081E49B44700F2D1CD /* LaunchScreen.storyboard */; };
		AC3164151E49B44700F2D1CD /* FastTests.swift in Sources */ = {isa = PBXBuildFile; fileRef = AC3164141E49B44700F2D1CD /* FastTests.swift */; };
		AC3164201E49B44700F2D1CD /* FastUITests.swift in Sources */ = {isa = PBXBuildFile; fileRef = AC31641F1E49B44700F2D1CD /* FastUITests.swift */; };
/* End PBXBuildFile section */

/* Begin PBXContainerItemProxy section */
		AC3164111E49B44700F2D1CD /* PBXContainerItemProxy */ = {
			isa = PBXContainerItemProxy;
			containerPortal = AC3163F41E49B44600F2D1CD /* Project object */;
			proxyType = 1;
			remoteGlobalIDString = AC3163FB1E49B44600F2D1CD;
			remoteInfo = Fast;
		};
		AC31641C1E49B44700F2D1CD /* PBXContainerItemProxy */ = {
			isa = PBXContainerItemProxy;
			containerPortal = AC3163F41E49B44600F2D1CD /* Project object */;
			proxyType = 1;
			remoteGlobalIDString = AC3163FB1E49B44600F2D1CD;
			remoteInfo = Fast;
		};
/* End PBXContainerItemProxy section */

/* Begin PBXFileReference section */
		02539A8A8784FB45082FC649 /* Pods-Fast.release.xcconfig */ = {isa = PBXFileReference; includeInIndex = 1; lastKnownFileType = text.xcconfig; name = "Pods-Fast.release.xcconfig"; path = "Pods/Target Support Files/Pods-Fast/Pods-Fast.release.xcconfig"; sourceTree = "<group>"; };
		35F527A582FF8CF4971A2E3B /* Pods-FastUITests.debug.xcconfig */ = {isa = PBXFileReference; includeInIndex = 1; lastKnownFileType = text.xcconfig; name = "Pods-FastUITests.debug.xcconfig"; path = "Pods/Target Support Files/Pods-FastUITests/Pods-FastUITests.debug.xcconfig"; sourceTree = "<group>"; };
		4CBB5076C75B2D5C5D1B9BAF /* Pods_Fast.framework */ = {isa = PBXFileReference; explicitFileType = wrapper.framework; includeInIndex = 0; path = Pods_Fast.framework; sourceTree = BUILT_PRODUCTS_DIR; };
		74463A75CF46D19E583FFAC5 /* Pods_FastTests.framework */ = {isa = PBXFileReference; explicitFileType = wrapper.framework; includeInIndex = 0; path = Pods_FastTests.framework; sourceTree = BUILT_PRODUCTS_DIR; };
		75B2D2362DF71F1F5D3480E8 /* Pods-FastTests.release.xcconfig */ = {isa = PBXFileReference; includeInIndex = 1; lastKnownFileType = text.xcconfig; name = "Pods-FastTests.release.xcconfig"; path = "Pods/Target Support Files/Pods-FastTests/Pods-FastTests.release.xcconfig"; sourceTree = "<group>"; };
		99E59C2A92293FABE82D4A6B /* Pods-FastUITests.release.xcconfig */ = {isa = PBXFileReference; includeInIndex = 1; lastKnownFileType = text.xcconfig; name = "Pods-FastUITests.release.xcconfig"; path = "Pods/Target Support Files/Pods-FastUITests/Pods-FastUITests.release.xcconfig"; sourceTree = "<group>"; };
		AC281AC21E52FFAB00C9A517 /* Fast.entitlements */ = {isa = PBXFileReference; lastKnownFileType = text.plist.entitlements; path = Fast.entitlements; sourceTree = "<group>"; };
		AC281AC51E5406DB00C9A517 /* GameKit.framework */ = {isa = PBXFileReference; lastKnownFileType = wrapper.framework; name = GameKit.framework; path = System/Library/Frameworks/GameKit.framework; sourceTree = SDKROOT; };
		AC281AC71E5406DD00C9A517 /* StoreKit.framework */ = {isa = PBXFileReference; lastKnownFileType = wrapper.framework; name = StoreKit.framework; path = System/Library/Frameworks/StoreKit.framework; sourceTree = SDKROOT; };
		AC3163FC1E49B44600F2D1CD /* Fast.app */ = {isa = PBXFileReference; explicitFileType = wrapper.application; includeInIndex = 0; path = Fast.app; sourceTree = BUILT_PRODUCTS_DIR; };
		AC3163FF1E49B44600F2D1CD /* AppDelegate.swift */ = {isa = PBXFileReference; lastKnownFileType = sourcecode.swift; path = AppDelegate.swift; sourceTree = "<group>"; };
		AC3164011E49B44700F2D1CD /* ViewController.swift */ = {isa = PBXFileReference; lastKnownFileType = sourcecode.swift; path = ViewController.swift; sourceTree = "<group>"; };
		AC3164041E49B44700F2D1CD /* Base */ = {isa = PBXFileReference; lastKnownFileType = file.storyboard; name = Base; path = Base.lproj/Main.storyboard; sourceTree = "<group>"; };
		AC3164061E49B44700F2D1CD /* Assets.xcassets */ = {isa = PBXFileReference; lastKnownFileType = folder.assetcatalog; path = Assets.xcassets; sourceTree = "<group>"; };
		AC3164091E49B44700F2D1CD /* Base */ = {isa = PBXFileReference; lastKnownFileType = file.storyboard; name = Base; path = Base.lproj/LaunchScreen.storyboard; sourceTree = "<group>"; };
		AC31640B1E49B44700F2D1CD /* Info.plist */ = {isa = PBXFileReference; lastKnownFileType = text.plist.xml; path = Info.plist; sourceTree = "<group>"; };
		AC3164101E49B44700F2D1CD /* FastTests.xctest */ = {isa = PBXFileReference; explicitFileType = wrapper.cfbundle; includeInIndex = 0; path = FastTests.xctest; sourceTree = BUILT_PRODUCTS_DIR; };
		AC3164141E49B44700F2D1CD /* FastTests.swift */ = {isa = PBXFileReference; lastKnownFileType = sourcecode.swift; path = FastTests.swift; sourceTree = "<group>"; };
		AC3164161E49B44700F2D1CD /* Info.plist */ = {isa = PBXFileReference; lastKnownFileType = text.plist.xml; path = Info.plist; sourceTree = "<group>"; };
		AC31641B1E49B44700F2D1CD /* FastUITests.xctest */ = {isa = PBXFileReference; explicitFileType = wrapper.cfbundle; includeInIndex = 0; path = FastUITests.xctest; sourceTree = BUILT_PRODUCTS_DIR; };
		AC31641F1E49B44700F2D1CD /* FastUITests.swift */ = {isa = PBXFileReference; lastKnownFileType = sourcecode.swift; path = FastUITests.swift; sourceTree = "<group>"; };
		AC3164211E49B44700F2D1CD /* Info.plist */ = {isa = PBXFileReference; lastKnownFileType = text.plist.xml; path = Info.plist; sourceTree = "<group>"; };
		C4020FE8F6916B1E8CFF6A68 /* Pods-FastTests.debug.xcconfig */ = {isa = PBXFileReference; includeInIndex = 1; lastKnownFileType = text.xcconfig; name = "Pods-FastTests.debug.xcconfig"; path = "Pods/Target Support Files/Pods-FastTests/Pods-FastTests.debug.xcconfig"; sourceTree = "<group>"; };
		D337EBE8A314BE52F4D3AF18 /* Pods-Fast.debug.xcconfig */ = {isa = PBXFileReference; includeInIndex = 1; lastKnownFileType = text.xcconfig; name = "Pods-Fast.debug.xcconfig"; path = "Pods/Target Support Files/Pods-Fast/Pods-Fast.debug.xcconfig"; sourceTree = "<group>"; };
		E0B56AFC533CB12203A06644 /* Pods_FastUITests.framework */ = {isa = PBXFileReference; explicitFileType = wrapper.framework; includeInIndex = 0; path = Pods_FastUITests.framework; sourceTree = BUILT_PRODUCTS_DIR; };
/* End PBXFileReference section */

/* Begin PBXFrameworksBuildPhase section */
		AC3163F91E49B44600F2D1CD /* Frameworks */ = {
			isa = PBXFrameworksBuildPhase;
			buildActionMask = 2147483647;
			files = (
				AC281AC81E5406DD00C9A517 /* StoreKit.framework in Frameworks */,
				AC281AC61E5406DB00C9A517 /* GameKit.framework in Frameworks */,
				235A5C4017B2029D44D49D17 /* Pods_Fast.framework in Frameworks */,
			);
			runOnlyForDeploymentPostprocessing = 0;
		};
		AC31640D1E49B44700F2D1CD /* Frameworks */ = {
			isa = PBXFrameworksBuildPhase;
			buildActionMask = 2147483647;
			files = (
				97434DA1DA5FD670CBAAD88B /* Pods_FastTests.framework in Frameworks */,
			);
			runOnlyForDeploymentPostprocessing = 0;
		};
		AC3164181E49B44700F2D1CD /* Frameworks */ = {
			isa = PBXFrameworksBuildPhase;
			buildActionMask = 2147483647;
			files = (
				A41B7A8EDB67D21B9FCFC91A /* Pods_FastUITests.framework in Frameworks */,
			);
			runOnlyForDeploymentPostprocessing = 0;
		};
/* End PBXFrameworksBuildPhase section */

/* Begin PBXGroup section */
		2C46ED2D15F224FD49ED4A45 /* Pods */ = {
			isa = PBXGroup;
			children = (
				D337EBE8A314BE52F4D3AF18 /* Pods-Fast.debug.xcconfig */,
				02539A8A8784FB45082FC649 /* Pods-Fast.release.xcconfig */,
				C4020FE8F6916B1E8CFF6A68 /* Pods-FastTests.debug.xcconfig */,
				75B2D2362DF71F1F5D3480E8 /* Pods-FastTests.release.xcconfig */,
				35F527A582FF8CF4971A2E3B /* Pods-FastUITests.debug.xcconfig */,
				99E59C2A92293FABE82D4A6B /* Pods-FastUITests.release.xcconfig */,
			);
			name = Pods;
			sourceTree = "<group>";
		};
		921E30A65FF4A11D184F60A0 /* Frameworks */ = {
			isa = PBXGroup;
			children = (
				AC281AC71E5406DD00C9A517 /* StoreKit.framework */,
				AC281AC51E5406DB00C9A517 /* GameKit.framework */,
				4CBB5076C75B2D5C5D1B9BAF /* Pods_Fast.framework */,
				74463A75CF46D19E583FFAC5 /* Pods_FastTests.framework */,
				E0B56AFC533CB12203A06644 /* Pods_FastUITests.framework */,
			);
			name = Frameworks;
			sourceTree = "<group>";
		};
		AC3163F31E49B44600F2D1CD = {
			isa = PBXGroup;
			children = (
				AC3163FE1E49B44600F2D1CD /* Fast */,
				AC3164131E49B44700F2D1CD /* FastTests */,
				AC31641E1E49B44700F2D1CD /* FastUITests */,
				AC3163FD1E49B44600F2D1CD /* Products */,
				2C46ED2D15F224FD49ED4A45 /* Pods */,
				921E30A65FF4A11D184F60A0 /* Frameworks */,
			);
			sourceTree = "<group>";
		};
		AC3163FD1E49B44600F2D1CD /* Products */ = {
			isa = PBXGroup;
			children = (
				AC3163FC1E49B44600F2D1CD /* Fast.app */,
				AC3164101E49B44700F2D1CD /* FastTests.xctest */,
				AC31641B1E49B44700F2D1CD /* FastUITests.xctest */,
			);
			name = Products;
			sourceTree = "<group>";
		};
		AC3163FE1E49B44600F2D1CD /* Fast */ = {
			isa = PBXGroup;
			children = (
				AC281AC21E52FFAB00C9A517 /* Fast.entitlements */,
				AC3163FF1E49B44600F2D1CD /* AppDelegate.swift */,
				AC3164011E49B44700F2D1CD /* ViewController.swift */,
				AC3164031E49B44700F2D1CD /* Main.storyboard */,
				AC3164061E49B44700F2D1CD /* Assets.xcassets */,
				AC3164081E49B44700F2D1CD /* LaunchScreen.storyboard */,
				AC31640B1E49B44700F2D1CD /* Info.plist */,
			);
			path = Fast;
			sourceTree = "<group>";
		};
		AC3164131E49B44700F2D1CD /* FastTests */ = {
			isa = PBXGroup;
			children = (
				AC3164141E49B44700F2D1CD /* FastTests.swift */,
				AC3164161E49B44700F2D1CD /* Info.plist */,
			);
			path = FastTests;
			sourceTree = "<group>";
		};
		AC31641E1E49B44700F2D1CD /* FastUITests */ = {
			isa = PBXGroup;
			children = (
				AC31641F1E49B44700F2D1CD /* FastUITests.swift */,
				AC3164211E49B44700F2D1CD /* Info.plist */,
			);
			path = FastUITests;
			sourceTree = "<group>";
		};
/* End PBXGroup section */

/* Begin PBXNativeTarget section */
		AC3163FB1E49B44600F2D1CD /* Fast */ = {
			isa = PBXNativeTarget;
			buildConfigurationList = AC3164241E49B44700F2D1CD /* Build configuration list for PBXNativeTarget "Fast" */;
			buildPhases = (
				2970B9111C693DB1A048439E /* [CP] Check Pods Manifest.lock */,
				AC3163F81E49B44600F2D1CD /* Sources */,
				AC3163F91E49B44600F2D1CD /* Frameworks */,
				AC3163FA1E49B44600F2D1CD /* Resources */,
				5A80070A3C52E6A1EDD23173 /* [CP] Embed Pods Frameworks */,
				77BF1B978A7BB31D7991239C /* [CP] Copy Pods Resources */,
			);
			buildRules = (
			);
			dependencies = (
			);
			name = Fast;
			productName = Fast;
			productReference = AC3163FC1E49B44600F2D1CD /* Fast.app */;
			productType = "com.apple.product-type.application";
		};
		AC31640F1E49B44700F2D1CD /* FastTests */ = {
			isa = PBXNativeTarget;
			buildConfigurationList = AC3164271E49B44700F2D1CD /* Build configuration list for PBXNativeTarget "FastTests" */;
			buildPhases = (
				33E87AD2A138B3D9918C8B27 /* [CP] Check Pods Manifest.lock */,
				AC31640C1E49B44700F2D1CD /* Sources */,
				AC31640D1E49B44700F2D1CD /* Frameworks */,
				AC31640E1E49B44700F2D1CD /* Resources */,
				754C473C49407D1BED36C1DB /* [CP] Embed Pods Frameworks */,
				2DC1F27CFE9B1CBED905BCC7 /* [CP] Copy Pods Resources */,
			);
			buildRules = (
			);
			dependencies = (
				AC3164121E49B44700F2D1CD /* PBXTargetDependency */,
			);
			name = FastTests;
			productName = FastTests;
			productReference = AC3164101E49B44700F2D1CD /* FastTests.xctest */;
			productType = "com.apple.product-type.bundle.unit-test";
		};
		AC31641A1E49B44700F2D1CD /* FastUITests */ = {
			isa = PBXNativeTarget;
			buildConfigurationList = AC31642A1E49B44700F2D1CD /* Build configuration list for PBXNativeTarget "FastUITests" */;
			buildPhases = (
				1540AACE8AB2FB10F7D403C5 /* [CP] Check Pods Manifest.lock */,
				AC3164171E49B44700F2D1CD /* Sources */,
				AC3164181E49B44700F2D1CD /* Frameworks */,
				AC3164191E49B44700F2D1CD /* Resources */,
				7D5A0CE3C3F06B16D54A3F4E /* [CP] Embed Pods Frameworks */,
				CA3F17EC7F025ED13C524AB6 /* [CP] Copy Pods Resources */,
			);
			buildRules = (
			);
			dependencies = (
				AC31641D1E49B44700F2D1CD /* PBXTargetDependency */,
			);
			name = FastUITests;
			productName = FastUITests;
			productReference = AC31641B1E49B44700F2D1CD /* FastUITests.xctest */;
			productType = "com.apple.product-type.bundle.ui-testing";
		};
/* End PBXNativeTarget section */

/* Begin PBXProject section */
		AC3163F41E49B44600F2D1CD /* Project object */ = {
			isa = PBXProject;
			attributes = {
				LastSwiftUpdateCheck = 0820;
				LastUpgradeCheck = 0820;
				ORGANIZATIONNAME = LongND9;
				TargetAttributes = {
					AC3163FB1E49B44600F2D1CD = {
						CreatedOnToolsVersion = 8.2;
						DevelopmentTeam = X385U6EXA2;
						ProvisioningStyle = Manual;
						SystemCapabilities = {
							com.apple.ApplicationGroups.iOS = {
								enabled = 1;
							};
							com.apple.GameCenter = {
								enabled = 1;
							};
							com.apple.InAppPurchase = {
								enabled = 1;
							};
						};
					};
					AC31640F1E49B44700F2D1CD = {
						CreatedOnToolsVersion = 8.2;
						DevelopmentTeam = 8ZX89Y5W44;
						ProvisioningStyle = Automatic;
						TestTargetID = AC3163FB1E49B44600F2D1CD;
					};
					AC31641A1E49B44700F2D1CD = {
						CreatedOnToolsVersion = 8.2;
						DevelopmentTeam = 8ZX89Y5W44;
						ProvisioningStyle = Automatic;
						TestTargetID = AC3163FB1E49B44600F2D1CD;
					};
				};
			};
			buildConfigurationList = AC3163F71E49B44600F2D1CD /* Build configuration list for PBXProject "Fast" */;
			compatibilityVersion = "Xcode 3.2";
			developmentRegion = English;
			hasScannedForEncodings = 0;
			knownRegions = (
				en,
				Base,
			);
			mainGroup = AC3163F31E49B44600F2D1CD;
			productRefGroup = AC3163FD1E49B44600F2D1CD /* Products */;
			projectDirPath = "";
			projectRoot = "";
			targets = (
				AC3163FB1E49B44600F2D1CD /* Fast */,
				AC31640F1E49B44700F2D1CD /* FastTests */,
				AC31641A1E49B44700F2D1CD /* FastUITests */,
			);
		};
/* End PBXProject section */

/* Begin PBXResourcesBuildPhase section */
		AC3163FA1E49B44600F2D1CD /* Resources */ = {
			isa = PBXResourcesBuildPhase;
			buildActionMask = 2147483647;
			files = (
				AC31640A1E49B44700F2D1CD /* LaunchScreen.storyboard in Resources */,
				AC3164071E49B44700F2D1CD /* Assets.xcassets in Resources */,
				AC3164051E49B44700F2D1CD /* Main.storyboard in Resources */,
			);
			runOnlyForDeploymentPostprocessing = 0;
		};
		AC31640E1E49B44700F2D1CD /* Resources */ = {
			isa = PBXResourcesBuildPhase;
			buildActionMask = 2147483647;
			files = (
			);
			runOnlyForDeploymentPostprocessing = 0;
		};
		AC3164191E49B44700F2D1CD /* Resources */ = {
			isa = PBXResourcesBuildPhase;
			buildActionMask = 2147483647;
			files = (
			);
			runOnlyForDeploymentPostprocessing = 0;
		};
/* End PBXResourcesBuildPhase section */

/* Begin PBXShellScriptBuildPhase section */
		1540AACE8AB2FB10F7D403C5 /* [CP] Check Pods Manifest.lock */ = {
			isa = PBXShellScriptBuildPhase;
			buildActionMask = 2147483647;
			files = (
			);
			inputPaths = (
			);
			name = "[CP] Check Pods Manifest.lock";
			outputPaths = (
			);
			runOnlyForDeploymentPostprocessing = 0;
			shellPath = /bin/sh;
			shellScript = "diff \"${PODS_ROOT}/../Podfile.lock\" \"${PODS_ROOT}/Manifest.lock\" > /dev/null\nif [ $? != 0 ] ; then\n    # print error to STDERR\n    echo \"error: The sandbox is not in sync with the Podfile.lock. Run 'pod install' or update your CocoaPods installation.\" >&2\n    exit 1\nfi\n";
			showEnvVarsInLog = 0;
		};
		2970B9111C693DB1A048439E /* [CP] Check Pods Manifest.lock */ = {
			isa = PBXShellScriptBuildPhase;
			buildActionMask = 2147483647;
			files = (
			);
			inputPaths = (
			);
			name = "[CP] Check Pods Manifest.lock";
			outputPaths = (
			);
			runOnlyForDeploymentPostprocessing = 0;
			shellPath = /bin/sh;
			shellScript = "diff \"${PODS_ROOT}/../Podfile.lock\" \"${PODS_ROOT}/Manifest.lock\" > /dev/null\nif [ $? != 0 ] ; then\n    # print error to STDERR\n    echo \"error: The sandbox is not in sync with the Podfile.lock. Run 'pod install' or update your CocoaPods installation.\" >&2\n    exit 1\nfi\n";
			showEnvVarsInLog = 0;
		};
		2DC1F27CFE9B1CBED905BCC7 /* [CP] Copy Pods Resources */ = {
			isa = PBXShellScriptBuildPhase;
			buildActionMask = 2147483647;
			files = (
			);
			inputPaths = (
			);
			name = "[CP] Copy Pods Resources";
			outputPaths = (
			);
			runOnlyForDeploymentPostprocessing = 0;
			shellPath = /bin/sh;
			shellScript = "\"${SRCROOT}/Pods/Target Support Files/Pods-FastTests/Pods-FastTests-resources.sh\"\n";
			showEnvVarsInLog = 0;
		};
		33E87AD2A138B3D9918C8B27 /* [CP] Check Pods Manifest.lock */ = {
			isa = PBXShellScriptBuildPhase;
			buildActionMask = 2147483647;
			files = (
			);
			inputPaths = (
			);
			name = "[CP] Check Pods Manifest.lock";
			outputPaths = (
			);
			runOnlyForDeploymentPostprocessing = 0;
			shellPath = /bin/sh;
			shellScript = "diff \"${PODS_ROOT}/../Podfile.lock\" \"${PODS_ROOT}/Manifest.lock\" > /dev/null\nif [ $? != 0 ] ; then\n    # print error to STDERR\n    echo \"error: The sandbox is not in sync with the Podfile.lock. Run 'pod install' or update your CocoaPods installation.\" >&2\n    exit 1\nfi\n";
			showEnvVarsInLog = 0;
		};
		5A80070A3C52E6A1EDD23173 /* [CP] Embed Pods Frameworks */ = {
			isa = PBXShellScriptBuildPhase;
			buildActionMask = 2147483647;
			files = (
			);
			inputPaths = (
			);
			name = "[CP] Embed Pods Frameworks";
			outputPaths = (
			);
			runOnlyForDeploymentPostprocessing = 0;
			shellPath = /bin/sh;
			shellScript = "\"${SRCROOT}/Pods/Target Support Files/Pods-Fast/Pods-Fast-frameworks.sh\"\n";
			showEnvVarsInLog = 0;
		};
		754C473C49407D1BED36C1DB /* [CP] Embed Pods Frameworks */ = {
			isa = PBXShellScriptBuildPhase;
			buildActionMask = 2147483647;
			files = (
			);
			inputPaths = (
			);
			name = "[CP] Embed Pods Frameworks";
			outputPaths = (
			);
			runOnlyForDeploymentPostprocessing = 0;
			shellPath = /bin/sh;
			shellScript = "\"${SRCROOT}/Pods/Target Support Files/Pods-FastTests/Pods-FastTests-frameworks.sh\"\n";
			showEnvVarsInLog = 0;
		};
		77BF1B978A7BB31D7991239C /* [CP] Copy Pods Resources */ = {
			isa = PBXShellScriptBuildPhase;
			buildActionMask = 2147483647;
			files = (
			);
			inputPaths = (
			);
			name = "[CP] Copy Pods Resources";
			outputPaths = (
			);
			runOnlyForDeploymentPostprocessing = 0;
			shellPath = /bin/sh;
			shellScript = "\"${SRCROOT}/Pods/Target Support Files/Pods-Fast/Pods-Fast-resources.sh\"\n";
			showEnvVarsInLog = 0;
		};
		7D5A0CE3C3F06B16D54A3F4E /* [CP] Embed Pods Frameworks */ = {
			isa = PBXShellScriptBuildPhase;
			buildActionMask = 2147483647;
			files = (
			);
			inputPaths = (
			);
			name = "[CP] Embed Pods Frameworks";
			outputPaths = (
			);
			runOnlyForDeploymentPostprocessing = 0;
			shellPath = /bin/sh;
			shellScript = "\"${SRCROOT}/Pods/Target Support Files/Pods-FastUITests/Pods-FastUITests-frameworks.sh\"\n";
			showEnvVarsInLog = 0;
		};
		CA3F17EC7F025ED13C524AB6 /* [CP] Copy Pods Resources */ = {
			isa = PBXShellScriptBuildPhase;
			buildActionMask = 2147483647;
			files = (
			);
			inputPaths = (
			);
			name = "[CP] Copy Pods Resources";
			outputPaths = (
			);
			runOnlyForDeploymentPostprocessing = 0;
			shellPath = /bin/sh;
			shellScript = "\"${SRCROOT}/Pods/Target Support Files/Pods-FastUITests/Pods-FastUITests-resources.sh\"\n";
			showEnvVarsInLog = 0;
		};
/* End PBXShellScriptBuildPhase section */

/* Begin PBXSourcesBuildPhase section */
		AC3163F81E49B44600F2D1CD /* Sources */ = {
			isa = PBXSourcesBuildPhase;
			buildActionMask = 2147483647;
			files = (
				AC3164021E49B44700F2D1CD /* ViewController.swift in Sources */,
				AC3164001E49B44600F2D1CD /* AppDelegate.swift in Sources */,
			);
			runOnlyForDeploymentPostprocessing = 0;
		};
		AC31640C1E49B44700F2D1CD /* Sources */ = {
			isa = PBXSourcesBuildPhase;
			buildActionMask = 2147483647;
			files = (
				AC3164151E49B44700F2D1CD /* FastTests.swift in Sources */,
			);
			runOnlyForDeploymentPostprocessing = 0;
		};
		AC3164171E49B44700F2D1CD /* Sources */ = {
			isa = PBXSourcesBuildPhase;
			buildActionMask = 2147483647;
			files = (
				AC3164201E49B44700F2D1CD /* FastUITests.swift in Sources */,
			);
			runOnlyForDeploymentPostprocessing = 0;
		};
/* End PBXSourcesBuildPhase section */

/* Begin PBXTargetDependency section */
		AC3164121E49B44700F2D1CD /* PBXTargetDependency */ = {
			isa = PBXTargetDependency;
			target = AC3163FB1E49B44600F2D1CD /* Fast */;
			targetProxy = AC3164111E49B44700F2D1CD /* PBXContainerItemProxy */;
		};
		AC31641D1E49B44700F2D1CD /* PBXTargetDependency */ = {
			isa = PBXTargetDependency;
			target = AC3163FB1E49B44600F2D1CD /* Fast */;
			targetProxy = AC31641C1E49B44700F2D1CD /* PBXContainerItemProxy */;
		};
/* End PBXTargetDependency section */

/* Begin PBXVariantGroup section */
		AC3164031E49B44700F2D1CD /* Main.storyboard */ = {
			isa = PBXVariantGroup;
			children = (
				AC3164041E49B44700F2D1CD /* Base */,
			);
			name = Main.storyboard;
			sourceTree = "<group>";
		};
		AC3164081E49B44700F2D1CD /* LaunchScreen.storyboard */ = {
			isa = PBXVariantGroup;
			children = (
				AC3164091E49B44700F2D1CD /* Base */,
			);
			name = LaunchScreen.storyboard;
			sourceTree = "<group>";
		};
/* End PBXVariantGroup section */

/* Begin XCBuildConfiguration section */
		AC3164221E49B44700F2D1CD /* Debug */ = {
			isa = XCBuildConfiguration;
			buildSettings = {
				ALWAYS_SEARCH_USER_PATHS = NO;
				CLANG_ANALYZER_NONNULL = YES;
				CLANG_CXX_LANGUAGE_STANDARD = "gnu++0x";
				CLANG_CXX_LIBRARY = "libc++";
				CLANG_ENABLE_MODULES = YES;
				CLANG_ENABLE_OBJC_ARC = YES;
				CLANG_WARN_BOOL_CONVERSION = YES;
				CLANG_WARN_CONSTANT_CONVERSION = YES;
				CLANG_WARN_DIRECT_OBJC_ISA_USAGE = YES_ERROR;
				CLANG_WARN_DOCUMENTATION_COMMENTS = YES;
				CLANG_WARN_EMPTY_BODY = YES;
				CLANG_WARN_ENUM_CONVERSION = YES;
				CLANG_WARN_INFINITE_RECURSION = YES;
				CLANG_WARN_INT_CONVERSION = YES;
				CLANG_WARN_OBJC_ROOT_CLASS = YES_ERROR;
				CLANG_WARN_SUSPICIOUS_MOVE = YES;
				CLANG_WARN_UNREACHABLE_CODE = YES;
				CLANG_WARN__DUPLICATE_METHOD_MATCH = YES;
				"CODE_SIGN_IDENTITY[sdk=iphoneos*]" = "iPhone Developer";
				COPY_PHASE_STRIP = NO;
				DEBUG_INFORMATION_FORMAT = dwarf;
				ENABLE_STRICT_OBJC_MSGSEND = YES;
				ENABLE_TESTABILITY = YES;
				GCC_C_LANGUAGE_STANDARD = gnu99;
				GCC_DYNAMIC_NO_PIC = NO;
				GCC_NO_COMMON_BLOCKS = YES;
				GCC_OPTIMIZATION_LEVEL = 0;
				GCC_PREPROCESSOR_DEFINITIONS = (
					"DEBUG=1",
					"$(inherited)",
				);
				GCC_WARN_64_TO_32_BIT_CONVERSION = YES;
				GCC_WARN_ABOUT_RETURN_TYPE = YES_ERROR;
				GCC_WARN_UNDECLARED_SELECTOR = YES;
				GCC_WARN_UNINITIALIZED_AUTOS = YES_AGGRESSIVE;
				GCC_WARN_UNUSED_FUNCTION = YES;
				GCC_WARN_UNUSED_VARIABLE = YES;
				IPHONEOS_DEPLOYMENT_TARGET = 10.2;
				MTL_ENABLE_DEBUG_INFO = YES;
				ONLY_ACTIVE_ARCH = YES;
				SDKROOT = iphoneos;
				SWIFT_ACTIVE_COMPILATION_CONDITIONS = DEBUG;
				SWIFT_OPTIMIZATION_LEVEL = "-Onone";
			};
			name = Debug;
		};
		AC3164231E49B44700F2D1CD /* Release */ = {
			isa = XCBuildConfiguration;
			buildSettings = {
				ALWAYS_SEARCH_USER_PATHS = NO;
				CLANG_ANALYZER_NONNULL = YES;
				CLANG_CXX_LANGUAGE_STANDARD = "gnu++0x";
				CLANG_CXX_LIBRARY = "libc++";
				CLANG_ENABLE_MODULES = YES;
				CLANG_ENABLE_OBJC_ARC = YES;
				CLANG_WARN_BOOL_CONVERSION = YES;
				CLANG_WARN_CONSTANT_CONVERSION = YES;
				CLANG_WARN_DIRECT_OBJC_ISA_USAGE = YES_ERROR;
				CLANG_WARN_DOCUMENTATION_COMMENTS = YES;
				CLANG_WARN_EMPTY_BODY = YES;
				CLANG_WARN_ENUM_CONVERSION = YES;
				CLANG_WARN_INFINITE_RECURSION = YES;
				CLANG_WARN_INT_CONVERSION = YES;
				CLANG_WARN_OBJC_ROOT_CLASS = YES_ERROR;
				CLANG_WARN_SUSPICIOUS_MOVE = YES;
				CLANG_WARN_UNREACHABLE_CODE = YES;
				CLANG_WARN__DUPLICATE_METHOD_MATCH = YES;
				"CODE_SIGN_IDENTITY[sdk=iphoneos*]" = "iPhone Developer";
				COPY_PHASE_STRIP = NO;
				DEBUG_INFORMATION_FORMAT = "dwarf-with-dsym";
				ENABLE_NS_ASSERTIONS = NO;
				ENABLE_STRICT_OBJC_MSGSEND = YES;
				GCC_C_LANGUAGE_STANDARD = gnu99;
				GCC_NO_COMMON_BLOCKS = YES;
				GCC_WARN_64_TO_32_BIT_CONVERSION = YES;
				GCC_WARN_ABOUT_RETURN_TYPE = YES_ERROR;
				GCC_WARN_UNDECLARED_SELECTOR = YES;
				GCC_WARN_UNINITIALIZED_AUTOS = YES_AGGRESSIVE;
				GCC_WARN_UNUSED_FUNCTION = YES;
				GCC_WARN_UNUSED_VARIABLE = YES;
				IPHONEOS_DEPLOYMENT_TARGET = 10.2;
				MTL_ENABLE_DEBUG_INFO = NO;
				SDKROOT = iphoneos;
				SWIFT_OPTIMIZATION_LEVEL = "-Owholemodule";
				VALIDATE_PRODUCT = YES;
			};
			name = Release;
		};
		AC3164251E49B44700F2D1CD /* Debug */ = {
			isa = XCBuildConfiguration;
			baseConfigurationReference = D337EBE8A314BE52F4D3AF18 /* Pods-Fast.debug.xcconfig */;
			buildSettings = {
				ASSETCATALOG_COMPILER_APPICON_NAME = AppIcon;
				CODE_SIGN_ENTITLEMENTS = Fast/Fast.entitlements;
				"CODE_SIGN_IDENTITY[sdk=iphoneos*]" = "iPhone Developer: Quynh Nguyen (8J6L8D262E)";
				CURRENT_PROJECT_VERSION = 2;
				DEVELOPMENT_TEAM = X385U6EXA2;
				INFOPLIST_FILE = Fast/Info.plist;
				IPHONEOS_DEPLOYMENT_TARGET = 9.0;
				LD_RUNPATH_SEARCH_PATHS = "$(inherited) @executable_path/Frameworks";
				PRODUCT_BUNDLE_IDENTIFIER = com.example.test.FastLane;
				PRODUCT_NAME = "$(TARGET_NAME)";
				PROVISIONING_PROFILE = "606a29d2-445f-4842-9a1a-250b27e5cf85";
				PROVISIONING_PROFILE_SPECIFIER = FastLaneDemo;
				SWIFT_VERSION = 3.0;
			};
			name = Debug;
		};
		AC3164261E49B44700F2D1CD /* Release */ = {
			isa = XCBuildConfiguration;
			baseConfigurationReference = 02539A8A8784FB45082FC649 /* Pods-Fast.release.xcconfig */;
			buildSettings = {
				ASSETCATALOG_COMPILER_APPICON_NAME = AppIcon;
				CODE_SIGN_ENTITLEMENTS = Fast/Fast.entitlements;
				"CODE_SIGN_IDENTITY[sdk=iphoneos*]" = "iPhone Distribution: Quynh Nguyen (X385U6EXA2)";
				CURRENT_PROJECT_VERSION = 2;
				DEVELOPMENT_TEAM = X385U6EXA2;
				INFOPLIST_FILE = Fast/Info.plist;
				IPHONEOS_DEPLOYMENT_TARGET = 9.0;
				LD_RUNPATH_SEARCH_PATHS = "$(inherited) @executable_path/Frameworks";
				PRODUCT_BUNDLE_IDENTIFIER = com.example.test.FastLane;
				PRODUCT_NAME = "$(TARGET_NAME)";
				PROVISIONING_PROFILE = "c28cbbc4-08e3-4fe2-9663-471cd2b71423";
				PROVISIONING_PROFILE_SPECIFIER = FastLane_Adhoc;
				SWIFT_VERSION = 3.0;
			};
			name = Release;
		};
		AC3164281E49B44700F2D1CD /* Debug */ = {
			isa = XCBuildConfiguration;
			baseConfigurationReference = C4020FE8F6916B1E8CFF6A68 /* Pods-FastTests.debug.xcconfig */;
			buildSettings = {
				ALWAYS_EMBED_SWIFT_STANDARD_LIBRARIES = YES;
				BUNDLE_LOADER = "$(TEST_HOST)";
				DEVELOPMENT_TEAM = 8ZX89Y5W44;
				INFOPLIST_FILE = FastTests/Info.plist;
				LD_RUNPATH_SEARCH_PATHS = "$(inherited) @executable_path/Frameworks @loader_path/Frameworks";
				PRODUCT_BUNDLE_IDENTIFIER = com.example.pdf.FastTests;
				PRODUCT_NAME = "$(TARGET_NAME)";
				SWIFT_VERSION = 3.0;
				TEST_HOST = "$(BUILT_PRODUCTS_DIR)/Fast.app/Fast";
			};
			name = Debug;
		};
		AC3164291E49B44700F2D1CD /* Release */ = {
			isa = XCBuildConfiguration;
			baseConfigurationReference = 75B2D2362DF71F1F5D3480E8 /* Pods-FastTests.release.xcconfig */;
			buildSettings = {
				ALWAYS_EMBED_SWIFT_STANDARD_LIBRARIES = YES;
				BUNDLE_LOADER = "$(TEST_HOST)";
				DEVELOPMENT_TEAM = 8ZX89Y5W44;
				INFOPLIST_FILE = FastTests/Info.plist;
				LD_RUNPATH_SEARCH_PATHS = "$(inherited) @executable_path/Frameworks @loader_path/Frameworks";
				PRODUCT_BUNDLE_IDENTIFIER = com.example.pdf.FastTests;
				PRODUCT_NAME = "$(TARGET_NAME)";
				SWIFT_VERSION = 3.0;
				TEST_HOST = "$(BUILT_PRODUCTS_DIR)/Fast.app/Fast";
			};
			name = Release;
		};
		AC31642B1E49B44700F2D1CD /* Debug */ = {
			isa = XCBuildConfiguration;
			baseConfigurationReference = 35F527A582FF8CF4971A2E3B /* Pods-FastUITests.debug.xcconfig */;
			buildSettings = {
				ALWAYS_EMBED_SWIFT_STANDARD_LIBRARIES = YES;
				DEVELOPMENT_TEAM = 8ZX89Y5W44;
				INFOPLIST_FILE = FastUITests/Info.plist;
				LD_RUNPATH_SEARCH_PATHS = "$(inherited) @executable_path/Frameworks @loader_path/Frameworks";
				PRODUCT_BUNDLE_IDENTIFIER = com.example.pdf.FastUITests;
				PRODUCT_NAME = "$(TARGET_NAME)";
				SWIFT_VERSION = 3.0;
				TEST_TARGET_NAME = Fast;
			};
			name = Debug;
		};
		AC31642C1E49B44700F2D1CD /* Release */ = {
			isa = XCBuildConfiguration;
			baseConfigurationReference = 99E59C2A92293FABE82D4A6B /* Pods-FastUITests.release.xcconfig */;
			buildSettings = {
				ALWAYS_EMBED_SWIFT_STANDARD_LIBRARIES = YES;
				DEVELOPMENT_TEAM = 8ZX89Y5W44;
				INFOPLIST_FILE = FastUITests/Info.plist;
				LD_RUNPATH_SEARCH_PATHS = "$(inherited) @executable_path/Frameworks @loader_path/Frameworks";
				PRODUCT_BUNDLE_IDENTIFIER = com.example.pdf.FastUITests;
				PRODUCT_NAME = "$(TARGET_NAME)";
				SWIFT_VERSION = 3.0;
				TEST_TARGET_NAME = Fast;
			};
			name = Release;
		};
/* End XCBuildConfiguration section */

/* Begin XCConfigurationList section */
		AC3163F71E49B44600F2D1CD /* Build configuration list for PBXProject "Fast" */ = {
			isa = XCConfigurationList;
			buildConfigurations = (
				AC3164221E49B44700F2D1CD /* Debug */,
				AC3164231E49B44700F2D1CD /* Release */,
			);
			defaultConfigurationIsVisible = 0;
			defaultConfigurationName = Release;
		};
		AC3164241E49B44700F2D1CD /* Build configuration list for PBXNativeTarget "Fast" */ = {
			isa = XCConfigurationList;
			buildConfigurations = (
				AC3164251E49B44700F2D1CD /* Debug */,
				AC3164261E49B44700F2D1CD /* Release */,
			);
			defaultConfigurationIsVisible = 0;
			defaultConfigurationName = Release;
		};
		AC3164271E49B44700F2D1CD /* Build configuration list for PBXNativeTarget "FastTests" */ = {
			isa = XCConfigurationList;
			buildConfigurations = (
				AC3164281E49B44700F2D1CD /* Debug */,
				AC3164291E49B44700F2D1CD /* Release */,
			);
			defaultConfigurationIsVisible = 0;
			defaultConfigurationName = Release;
		};
		AC31642A1E49B44700F2D1CD /* Build configuration list for PBXNativeTarget "FastUITests" */ = {
			isa = XCConfigurationList;
			buildConfigurations = (
				AC31642B1E49B44700F2D1CD /* Debug */,
				AC31642C1E49B44700F2D1CD /* Release */,
			);
			defaultConfigurationIsVisible = 0;
			defaultConfigurationName = Release;
		};
/* End XCConfigurationList section */
	};
	rootObject = AC3163F41E49B44600F2D1CD /* Project object */;
}
